// !$*UTF8*$!
{
	archiveVersion = 1;
	classes = {
	};
	objectVersion = 77;
	objects = {

/* Begin PBXBuildFile section */
		3C0D58962D2A17FD003BAB16 /* readme1.md in Resources */ = {isa = PBXBuildFile; fileRef = 3C0D58952D2A17FD003BAB16 /* readme1.md */; };
		3C0D589A2D2A187B003BAB16 /* secuirty1.md in Resources */ = {isa = PBXBuildFile; fileRef = 3C0D58992D2A187B003BAB16 /* secuirty1.md */; };
		3C0D589C2D2A18A2003BAB16 /* code1.md in Resources */ = {isa = PBXBuildFile; fileRef = 3C0D589B2D2A189C003BAB16 /* code1.md */; };
		3C0D589E2D2A18B1003BAB16 /* licesne.md in Resources */ = {isa = PBXBuildFile; fileRef = 3C0D589D2D2A18A9003BAB16 /* licesne.md */; };
/* End PBXBuildFile section */

/* Begin PBXContainerItemProxy section */
		3CE62D6D2D2034E20071521A /* PBXContainerItemProxy */ = {
			isa = PBXContainerItemProxy;
			containerPortal = 3CE62D542D2034E10071521A /* Project object */;
			proxyType = 1;
			remoteGlobalIDString = 3CE62D5B2D2034E10071521A;
			remoteInfo = SoccerDrill;
		};
		3CE62D772D2034E20071521A /* PBXContainerItemProxy */ = {
			isa = PBXContainerItemProxy;
			containerPortal = 3CE62D542D2034E10071521A /* Project object */;
			proxyType = 1;
			remoteGlobalIDString = 3CE62D5B2D2034E10071521A;
			remoteInfo = SoccerDrill;
		};
/* End PBXContainerItemProxy section */

/* Begin PBXFileReference section */
		3C0D58952D2A17FD003BAB16 /* readme1.md */ = {isa = PBXFileReference; lastKnownFileType = net.daringfireball.markdown; path = readme1.md; sourceTree = "<group>"; };
		3C0D58992D2A187B003BAB16 /* secuirty1.md */ = {isa = PBXFileReference; lastKnownFileType = net.daringfireball.markdown; path = secuirty1.md; sourceTree = "<group>"; };
		3C0D589B2D2A189C003BAB16 /* code1.md */ = {isa = PBXFileReference; lastKnownFileType = net.daringfireball.markdown; path = code1.md; sourceTree = "<group>"; };
		3C0D589D2D2A18A9003BAB16 /* licesne.md */ = {isa = PBXFileReference; lastKnownFileType = net.daringfireball.markdown; path = licesne.md; sourceTree = "<group>"; };
		3CE62D5C2D2034E10071521A /* SoccerDrill.app */ = {isa = PBXFileReference; explicitFileType = wrapper.application; includeInIndex = 0; path = SoccerDrill.app; sourceTree = BUILT_PRODUCTS_DIR; };
		3CE62D6C2D2034E20071521A /* SoccerDrillTests.xctest */ = {isa = PBXFileReference; explicitFileType = wrapper.cfbundle; includeInIndex = 0; path = SoccerDrillTests.xctest; sourceTree = BUILT_PRODUCTS_DIR; };
		3CE62D762D2034E20071521A /* SoccerDrillUITests.xctest */ = {isa = PBXFileReference; explicitFileType = wrapper.cfbundle; includeInIndex = 0; path = SoccerDrillUITests.xctest; sourceTree = BUILT_PRODUCTS_DIR; };
/* End PBXFileReference section */

/* Begin PBXFileSystemSynchronizedRootGroup section */
		3CE62D5E2D2034E10071521A /* SoccerDrill */ = {
			isa = PBXFileSystemSynchronizedRootGroup;
			path = SoccerDrill;
			sourceTree = "<group>";
		};
		3CE62D6F2D2034E20071521A /* SoccerDrillTests */ = {
			isa = PBXFileSystemSynchronizedRootGroup;
			path = SoccerDrillTests;
			sourceTree = "<group>";
		};
		3CE62D792D2034E20071521A /* SoccerDrillUITests */ = {
			isa = PBXFileSystemSynchronizedRootGroup;
			path = SoccerDrillUITests;
			sourceTree = "<group>";
		};
/* End PBXFileSystemSynchronizedRootGroup section */

/* Begin PBXFrameworksBuildPhase section */
		3CE62D592D2034E10071521A /* Frameworks */ = {
			isa = PBXFrameworksBuildPhase;
			buildActionMask = 2147483647;
			files = (
			);
			runOnlyForDeploymentPostprocessing = 0;
		};
		3CE62D692D2034E20071521A /* Frameworks */ = {
			isa = PBXFrameworksBuildPhase;
			buildActionMask = 2147483647;
			files = (
			);
			runOnlyForDeploymentPostprocessing = 0;
		};
		3CE62D732D2034E20071521A /* Frameworks */ = {
			isa = PBXFrameworksBuildPhase;
			buildActionMask = 2147483647;
			files = (
			);
			runOnlyForDeploymentPostprocessing = 0;
		};
/* End PBXFrameworksBuildPhase section */

/* Begin PBXGroup section */
		3CE62D532D2034E10071521A = {
			isa = PBXGroup;
			children = (
				3C0D58952D2A17FD003BAB16 /* readme1.md */,
				3C0D58992D2A187B003BAB16 /* secuirty1.md */,
				3C0D589B2D2A189C003BAB16 /* code1.md */,
				3C0D589D2D2A18A9003BAB16 /* licesne.md */,
				3CE62D5E2D2034E10071521A /* SoccerDrill */,
				3CE62D6F2D2034E20071521A /* SoccerDrillTests */,
				3CE62D792D2034E20071521A /* SoccerDrillUITests */,
				3CE62D5D2D2034E10071521A /* Products */,
			);
			sourceTree = "<group>";
		};
		3CE62D5D2D2034E10071521A /* Products */ = {
			isa = PBXGroup;
			children = (
				3CE62D5C2D2034E10071521A /* SoccerDrill.app */,
				3CE62D6C2D2034E20071521A /* SoccerDrillTests.xctest */,
				3CE62D762D2034E20071521A /* SoccerDrillUITests.xctest */,
			);
			name = Products;
			sourceTree = "<group>";
		};
/* End PBXGroup section */

/* Begin PBXNativeTarget section */
		3CE62D5B2D2034E10071521A /* SoccerDrill */ = {
			isa = PBXNativeTarget;
			buildConfigurationList = 3CE62D802D2034E20071521A /* Build configuration list for PBXNativeTarget "SoccerDrill" */;
			buildPhases = (
				3CE62D582D2034E10071521A /* Sources */,
				3CE62D592D2034E10071521A /* Frameworks */,
				3CE62D5A2D2034E10071521A /* Resources */,
			);
			buildRules = (
			);
			dependencies = (
			);
			fileSystemSynchronizedGroups = (
				3CE62D5E2D2034E10071521A /* SoccerDrill */,
			);
			name = SoccerDrill;
			packageProductDependencies = (
			);
			productName = SoccerDrill;
			productReference = 3CE62D5C2D2034E10071521A /* SoccerDrill.app */;
			productType = "com.apple.product-type.application";
		};
		3CE62D6B2D2034E20071521A /* SoccerDrillTests */ = {
			isa = PBXNativeTarget;
			buildConfigurationList = 3CE62D832D2034E20071521A /* Build configuration list for PBXNativeTarget "SoccerDrillTests" */;
			buildPhases = (
				3CE62D682D2034E20071521A /* Sources */,
				3CE62D692D2034E20071521A /* Frameworks */,
				3CE62D6A2D2034E20071521A /* Resources */,
			);
			buildRules = (
			);
			dependencies = (
				3CE62D6E2D2034E20071521A /* PBXTargetDependency */,
			);
			fileSystemSynchronizedGroups = (
				3CE62D6F2D2034E20071521A /* SoccerDrillTests */,
			);
			name = SoccerDrillTests;
			packageProductDependencies = (
			);
			productName = SoccerDrillTests;
			productReference = 3CE62D6C2D2034E20071521A /* SoccerDrillTests.xctest */;
			productType = "com.apple.product-type.bundle.unit-test";
		};
		3CE62D752D2034E20071521A /* SoccerDrillUITests */ = {
			isa = PBXNativeTarget;
			buildConfigurationList = 3CE62D862D2034E20071521A /* Build configuration list for PBXNativeTarget "SoccerDrillUITests" */;
			buildPhases = (
				3CE62D722D2034E20071521A /* Sources */,
				3CE62D732D2034E20071521A /* Frameworks */,
				3CE62D742D2034E20071521A /* Resources */,
			);
			buildRules = (
			);
			dependencies = (
				3CE62D782D2034E20071521A /* PBXTargetDependency */,
			);
			fileSystemSynchronizedGroups = (
				3CE62D792D2034E20071521A /* SoccerDrillUITests */,
			);
			name = SoccerDrillUITests;
			packageProductDependencies = (
			);
			productName = SoccerDrillUITests;
			productReference = 3CE62D762D2034E20071521A /* SoccerDrillUITests.xctest */;
			productType = "com.apple.product-type.bundle.ui-testing";
		};
/* End PBXNativeTarget section */

/* Begin PBXProject section */
		3CE62D542D2034E10071521A /* Project object */ = {
			isa = PBXProject;
			attributes = {
				BuildIndependentTargetsInParallel = 1;
				LastSwiftUpdateCheck = 1620;
				LastUpgradeCheck = 1620;
				TargetAttributes = {
					3CE62D5B2D2034E10071521A = {
						CreatedOnToolsVersion = 16.2;
					};
					3CE62D6B2D2034E20071521A = {
						CreatedOnToolsVersion = 16.2;
						TestTargetID = 3CE62D5B2D2034E10071521A;
					};
					3CE62D752D2034E20071521A = {
						CreatedOnToolsVersion = 16.2;
						TestTargetID = 3CE62D5B2D2034E10071521A;
					};
				};
			};
			buildConfigurationList = 3CE62D572D2034E10071521A /* Build configuration list for PBXProject "SoccerDrill" */;
			developmentRegion = en;
			hasScannedForEncodings = 0;
			knownRegions = (
				en,
				Base,
			);
			mainGroup = 3CE62D532D2034E10071521A;
			minimizedProjectReferenceProxies = 1;
			preferredProjectObjectVersion = 77;
			productRefGroup = 3CE62D5D2D2034E10071521A /* Products */;
			projectDirPath = "";
			projectRoot = "";
			targets = (
				3CE62D5B2D2034E10071521A /* SoccerDrill */,
				3CE62D6B2D2034E20071521A /* SoccerDrillTests */,
				3CE62D752D2034E20071521A /* SoccerDrillUITests */,
			);
		};
/* End PBXProject section */

/* Begin PBXResourcesBuildPhase section */
		3CE62D5A2D2034E10071521A /* Resources */ = {
			isa = PBXResourcesBuildPhase;
			buildActionMask = 2147483647;
			files = (
				3C0D589E2D2A18B1003BAB16 /* licesne.md in Resources */,
				3C0D589A2D2A187B003BAB16 /* secuirty1.md in Resources */,
				3C0D589C2D2A18A2003BAB16 /* code1.md in Resources */,
				3C0D58962D2A17FD003BAB16 /* readme1.md in Resources */,
			);
			runOnlyForDeploymentPostprocessing = 0;
		};
		3CE62D6A2D2034E20071521A /* Resources */ = {
			isa = PBXResourcesBuildPhase;
			buildActionMask = 2147483647;
			files = (
			);
			runOnlyForDeploymentPostprocessing = 0;
		};
		3CE62D742D2034E20071521A /* Resources */ = {
			isa = PBXResourcesBuildPhase;
			buildActionMask = 2147483647;
			files = (
			);
			runOnlyForDeploymentPostprocessing = 0;
		};
/* End PBXResourcesBuildPhase section */

/* Begin PBXSourcesBuildPhase section */
		3CE62D582D2034E10071521A /* Sources */ = {
			isa = PBXSourcesBuildPhase;
			buildActionMask = 2147483647;
			files = (
			);
			runOnlyForDeploymentPostprocessing = 0;
		};
		3CE62D682D2034E20071521A /* Sources */ = {
			isa = PBXSourcesBuildPhase;
			buildActionMask = 2147483647;
			files = (
			);
			runOnlyForDeploymentPostprocessing = 0;
		};
		3CE62D722D2034E20071521A /* Sources */ = {
			isa = PBXSourcesBuildPhase;
			buildActionMask = 2147483647;
			files = (
			);
			runOnlyForDeploymentPostprocessing = 0;
		};
/* End PBXSourcesBuildPhase section */

/* Begin PBXTargetDependency section */
		3CE62D6E2D2034E20071521A /* PBXTargetDependency */ = {
			isa = PBXTargetDependency;
			target = 3CE62D5B2D2034E10071521A /* SoccerDrill */;
			targetProxy = 3CE62D6D2D2034E20071521A /* PBXContainerItemProxy */;
		};
		3CE62D782D2034E20071521A /* PBXTargetDependency */ = {
			isa = PBXTargetDependency;
			target = 3CE62D5B2D2034E10071521A /* SoccerDrill */;
			targetProxy = 3CE62D772D2034E20071521A /* PBXContainerItemProxy */;
		};
/* End PBXTargetDependency section */

/* Begin XCBuildConfiguration section */
		3CE62D7E2D2034E20071521A /* Debug */ = {
			isa = XCBuildConfiguration;
			buildSettings = {
				ALWAYS_SEARCH_USER_PATHS = NO;
				ASSETCATALOG_COMPILER_GENERATE_SWIFT_ASSET_SYMBOL_EXTENSIONS = YES;
				CLANG_ANALYZER_NONNULL = YES;
				CLANG_ANALYZER_NUMBER_OBJECT_CONVERSION = YES_AGGRESSIVE;
				CLANG_CXX_LANGUAGE_STANDARD = "gnu++20";
				CLANG_ENABLE_MODULES = YES;
				CLANG_ENABLE_OBJC_ARC = YES;
				CLANG_ENABLE_OBJC_WEAK = YES;
				CLANG_WARN_BLOCK_CAPTURE_AUTORELEASING = YES;
				CLANG_WARN_BOOL_CONVERSION = YES;
				CLANG_WARN_COMMA = YES;
				CLANG_WARN_CONSTANT_CONVERSION = YES;
				CLANG_WARN_DEPRECATED_OBJC_IMPLEMENTATIONS = YES;
				CLANG_WARN_DIRECT_OBJC_ISA_USAGE = YES_ERROR;
				CLANG_WARN_DOCUMENTATION_COMMENTS = YES;
				CLANG_WARN_EMPTY_BODY = YES;
				CLANG_WARN_ENUM_CONVERSION = YES;
				CLANG_WARN_INFINITE_RECURSION = YES;
				CLANG_WARN_INT_CONVERSION = YES;
				CLANG_WARN_NON_LITERAL_NULL_CONVERSION = YES;
				CLANG_WARN_OBJC_IMPLICIT_RETAIN_SELF = YES;
				CLANG_WARN_OBJC_LITERAL_CONVERSION = YES;
				CLANG_WARN_OBJC_ROOT_CLASS = YES_ERROR;
				CLANG_WARN_QUOTED_INCLUDE_IN_FRAMEWORK_HEADER = YES;
				CLANG_WARN_RANGE_LOOP_ANALYSIS = YES;
				CLANG_WARN_STRICT_PROTOTYPES = YES;
				CLANG_WARN_SUSPICIOUS_MOVE = YES;
				CLANG_WARN_UNGUARDED_AVAILABILITY = YES_AGGRESSIVE;
				CLANG_WARN_UNREACHABLE_CODE = YES;
				CLANG_WARN__DUPLICATE_METHOD_MATCH = YES;
				COPY_PHASE_STRIP = NO;
				DEBUG_INFORMATION_FORMAT = dwarf;
				ENABLE_STRICT_OBJC_MSGSEND = YES;
				ENABLE_TESTABILITY = YES;
				ENABLE_USER_SCRIPT_SANDBOXING = YES;
				GCC_C_LANGUAGE_STANDARD = gnu17;
				GCC_DYNAMIC_NO_PIC = NO;
				GCC_NO_COMMON_BLOCKS = YES;
				GCC_OPTIMIZATION_LEVEL = 0;
				GCC_PREPROCESSOR_DEFINITIONS = (
					"DEBUG=1",
					"$(inherited)",
				);
				GCC_WARN_64_TO_32_BIT_CONVERSION = YES;
				GCC_WARN_ABOUT_RETURN_TYPE = YES_ERROR;
				GCC_WARN_UNDECLARED_SELECTOR = YES;
				GCC_WARN_UNINITIALIZED_AUTOS = YES_AGGRESSIVE;
				GCC_WARN_UNUSED_FUNCTION = YES;
				GCC_WARN_UNUSED_VARIABLE = YES;
				IPHONEOS_DEPLOYMENT_TARGET = 18.2;
				LOCALIZATION_PREFERS_STRING_CATALOGS = YES;
				MTL_ENABLE_DEBUG_INFO = INCLUDE_SOURCE;
				MTL_FAST_MATH = YES;
				ONLY_ACTIVE_ARCH = YES;
				SDKROOT = iphoneos;
				SWIFT_ACTIVE_COMPILATION_CONDITIONS = "DEBUG $(inherited)";
				SWIFT_OPTIMIZATION_LEVEL = "-Onone";
			};
			name = Debug;
		};
		3CE62D7F2D2034E20071521A /* Release */ = {
			isa = XCBuildConfiguration;
			buildSettings = {
				ALWAYS_SEARCH_USER_PATHS = NO;
				ASSETCATALOG_COMPILER_GENERATE_SWIFT_ASSET_SYMBOL_EXTENSIONS = YES;
				CLANG_ANALYZER_NONNULL = YES;
				CLANG_ANALYZER_NUMBER_OBJECT_CONVERSION = YES_AGGRESSIVE;
				CLANG_CXX_LANGUAGE_STANDARD = "gnu++20";
				CLANG_ENABLE_MODULES = YES;
				CLANG_ENABLE_OBJC_ARC = YES;
				CLANG_ENABLE_OBJC_WEAK = YES;
				CLANG_WARN_BLOCK_CAPTURE_AUTORELEASING = YES;
				CLANG_WARN_BOOL_CONVERSION = YES;
				CLANG_WARN_COMMA = YES;
				CLANG_WARN_CONSTANT_CONVERSION = YES;
				CLANG_WARN_DEPRECATED_OBJC_IMPLEMENTATIONS = YES;
				CLANG_WARN_DIRECT_OBJC_ISA_USAGE = YES_ERROR;
				CLANG_WARN_DOCUMENTATION_COMMENTS = YES;
				CLANG_WARN_EMPTY_BODY = YES;
				CLANG_WARN_ENUM_CONVERSION = YES;
				CLANG_WARN_INFINITE_RECURSION = YES;
				CLANG_WARN_INT_CONVERSION = YES;
				CLANG_WARN_NON_LITERAL_NULL_CONVERSION = YES;
				CLANG_WARN_OBJC_IMPLICIT_RETAIN_SELF = YES;
				CLANG_WARN_OBJC_LITERAL_CONVERSION = YES;
				CLANG_WARN_OBJC_ROOT_CLASS = YES_ERROR;
				CLANG_WARN_QUOTED_INCLUDE_IN_FRAMEWORK_HEADER = YES;
				CLANG_WARN_RANGE_LOOP_ANALYSIS = YES;
				CLANG_WARN_STRICT_PROTOTYPES = YES;
				CLANG_WARN_SUSPICIOUS_MOVE = YES;
				CLANG_WARN_UNGUARDED_AVAILABILITY = YES_AGGRESSIVE;
				CLANG_WARN_UNREACHABLE_CODE = YES;
				CLANG_WARN__DUPLICATE_METHOD_MATCH = YES;
				COPY_PHASE_STRIP = NO;
				DEBUG_INFORMATION_FORMAT = "dwarf-with-dsym";
				ENABLE_NS_ASSERTIONS = NO;
				ENABLE_STRICT_OBJC_MSGSEND = YES;
				ENABLE_USER_SCRIPT_SANDBOXING = YES;
				GCC_C_LANGUAGE_STANDARD = gnu17;
				GCC_NO_COMMON_BLOCKS = YES;
				GCC_WARN_64_TO_32_BIT_CONVERSION = YES;
				GCC_WARN_ABOUT_RETURN_TYPE = YES_ERROR;
				GCC_WARN_UNDECLARED_SELECTOR = YES;
				GCC_WARN_UNINITIALIZED_AUTOS = YES_AGGRESSIVE;
				GCC_WARN_UNUSED_FUNCTION = YES;
				GCC_WARN_UNUSED_VARIABLE = YES;
				IPHONEOS_DEPLOYMENT_TARGET = 18.2;
				LOCALIZATION_PREFERS_STRING_CATALOGS = YES;
				MTL_ENABLE_DEBUG_INFO = NO;
				MTL_FAST_MATH = YES;
				SDKROOT = iphoneos;
				SWIFT_COMPILATION_MODE = wholemodule;
				VALIDATE_PRODUCT = YES;
			};
			name = Release;
		};
		3CE62D812D2034E20071521A /* Debug */ = {
			isa = XCBuildConfiguration;
			buildSettings = {
				ASSETCATALOG_COMPILER_APPICON_NAME = AppIcon;
				ASSETCATALOG_COMPILER_GLOBAL_ACCENT_COLOR_NAME = AccentColor;
				CODE_SIGN_STYLE = Automatic;
				CURRENT_PROJECT_VERSION = 1;
				DEVELOPMENT_ASSET_PATHS = "\"SoccerDrill/Preview Content\"";
				ENABLE_PREVIEWS = YES;
				GENERATE_INFOPLIST_FILE = YES;
				INFOPLIST_KEY_NSCameraUsageDescription = "";
				INFOPLIST_KEY_UIApplicationSupportsIndirectInputEvents = YES;
				INFOPLIST_KEY_UILaunchScreen_Generation = YES;
				INFOPLIST_KEY_UIRequiredDeviceCapabilities = arkit;
				INFOPLIST_KEY_UIStatusBarHidden = YES;
				INFOPLIST_KEY_UISupportedInterfaceOrientations_iPad = "UIInterfaceOrientationPortrait UIInterfaceOrientationPortraitUpsideDown UIInterfaceOrientationLandscapeLeft UIInterfaceOrientationLandscapeRight";
				INFOPLIST_KEY_UISupportedInterfaceOrientations_iPhone = "UIInterfaceOrientationPortrait UIInterfaceOrientationLandscapeLeft UIInterfaceOrientationLandscapeRight";
				LD_RUNPATH_SEARCH_PATHS = (
					"$(inherited)",
					"@executable_path/Frameworks",
				);
				MARKETING_VERSION = 1.0;
				PRODUCT_BUNDLE_IDENTIFIER = myorg.SoccerDrill;
				PRODUCT_NAME = "$(TARGET_NAME)";
				SWIFT_EMIT_LOC_STRINGS = YES;
				SWIFT_VERSION = 5.0;
				TARGETED_DEVICE_FAMILY = "1,2";
			};
			name = Debug;
		};
		3CE62D822D2034E20071521A /* Release */ = {
			isa = XCBuildConfiguration;
			buildSettings = {
				ASSETCATALOG_COMPILER_APPICON_NAME = AppIcon;
				ASSETCATALOG_COMPILER_GLOBAL_ACCENT_COLOR_NAME = AccentColor;
				CODE_SIGN_STYLE = Automatic;
				CURRENT_PROJECT_VERSION = 1;
				DEVELOPMENT_ASSET_PATHS = "\"SoccerDrill/Preview Content\"";
				ENABLE_PREVIEWS = YES;
				GENERATE_INFOPLIST_FILE = YES;
				INFOPLIST_KEY_NSCameraUsageDescription = "";
				INFOPLIST_KEY_UIApplicationSupportsIndirectInputEvents = YES;
				INFOPLIST_KEY_UILaunchScreen_Generation = YES;
				INFOPLIST_KEY_UIRequiredDeviceCapabilities = arkit;
				INFOPLIST_KEY_UIStatusBarHidden = YES;
				INFOPLIST_KEY_UISupportedInterfaceOrientations_iPad = "UIInterfaceOrientationPortrait UIInterfaceOrientationPortraitUpsideDown UIInterfaceOrientationLandscapeLeft UIInterfaceOrientationLandscapeRight";
				INFOPLIST_KEY_UISupportedInterfaceOrientations_iPhone = "UIInterfaceOrientationPortrait UIInterfaceOrientationLandscapeLeft UIInterfaceOrientationLandscapeRight";
				LD_RUNPATH_SEARCH_PATHS = (
					"$(inherited)",
					"@executable_path/Frameworks",
				);
				MARKETING_VERSION = 1.0;
				PRODUCT_BUNDLE_IDENTIFIER = myorg.SoccerDrill;
				PRODUCT_NAME = "$(TARGET_NAME)";
				SWIFT_EMIT_LOC_STRINGS = YES;
				SWIFT_VERSION = 5.0;
				TARGETED_DEVICE_FAMILY = "1,2";
			};
			name = Release;
		};
		3CE62D842D2034E20071521A /* Debug */ = {
			isa = XCBuildConfiguration;
			buildSettings = {
				BUNDLE_LOADER = "$(TEST_HOST)";
				CODE_SIGN_STYLE = Automatic;
				CURRENT_PROJECT_VERSION = 1;
				GENERATE_INFOPLIST_FILE = YES;
				IPHONEOS_DEPLOYMENT_TARGET = 18.2;
				MARKETING_VERSION = 1.0;
				PRODUCT_BUNDLE_IDENTIFIER = myorg.SoccerDrillTests;
				PRODUCT_NAME = "$(TARGET_NAME)";
				SWIFT_EMIT_LOC_STRINGS = NO;
				SWIFT_VERSION = 5.0;
				TARGETED_DEVICE_FAMILY = "1,2";
				TEST_HOST = "$(BUILT_PRODUCTS_DIR)/SoccerDrill.app/$(BUNDLE_EXECUTABLE_FOLDER_PATH)/SoccerDrill";
			};
			name = Debug;
		};
		3CE62D852D2034E20071521A /* Release */ = {
			isa = XCBuildConfiguration;
			buildSettings = {
				BUNDLE_LOADER = "$(TEST_HOST)";
				CODE_SIGN_STYLE = Automatic;
				CURRENT_PROJECT_VERSION = 1;
				GENERATE_INFOPLIST_FILE = YES;
				IPHONEOS_DEPLOYMENT_TARGET = 18.2;
				MARKETING_VERSION = 1.0;
				PRODUCT_BUNDLE_IDENTIFIER = myorg.SoccerDrillTests;
				PRODUCT_NAME = "$(TARGET_NAME)";
				SWIFT_EMIT_LOC_STRINGS = NO;
				SWIFT_VERSION = 5.0;
				TARGETED_DEVICE_FAMILY = "1,2";
				TEST_HOST = "$(BUILT_PRODUCTS_DIR)/SoccerDrill.app/$(BUNDLE_EXECUTABLE_FOLDER_PATH)/SoccerDrill";
			};
			name = Release;
		};
		3CE62D872D2034E20071521A /* Debug */ = {
			isa = XCBuildConfiguration;
			buildSettings = {
				CODE_SIGN_STYLE = Automatic;
				CURRENT_PROJECT_VERSION = 1;
				GENERATE_INFOPLIST_FILE = YES;
				MARKETING_VERSION = 1.0;
				PRODUCT_BUNDLE_IDENTIFIER = myorg.SoccerDrillUITests;
				PRODUCT_NAME = "$(TARGET_NAME)";
				SWIFT_EMIT_LOC_STRINGS = NO;
				SWIFT_VERSION = 5.0;
				TARGETED_DEVICE_FAMILY = "1,2";
				TEST_TARGET_NAME = SoccerDrill;
			};
			name = Debug;
		};
		3CE62D882D2034E20071521A /* Release */ = {
			isa = XCBuildConfiguration;
			buildSettings = {
				CODE_SIGN_STYLE = Automatic;
				CURRENT_PROJECT_VERSION = 1;
				GENERATE_INFOPLIST_FILE = YES;
				MARKETING_VERSION = 1.0;
				PRODUCT_BUNDLE_IDENTIFIER = myorg.SoccerDrillUITests;
				PRODUCT_NAME = "$(TARGET_NAME)";
				SWIFT_EMIT_LOC_STRINGS = NO;
				SWIFT_VERSION = 5.0;
				TARGETED_DEVICE_FAMILY = "1,2";
				TEST_TARGET_NAME = SoccerDrill;
			};
			name = Release;
		};
/* End XCBuildConfiguration section */

/* Begin XCConfigurationList section */
		3CE62D572D2034E10071521A /* Build configuration list for PBXProject "SoccerDrill" */ = {
			isa = XCConfigurationList;
			buildConfigurations = (
				3CE62D7E2D2034E20071521A /* Debug */,
				3CE62D7F2D2034E20071521A /* Release */,
			);
			defaultConfigurationIsVisible = 0;
			defaultConfigurationName = Release;
		};
		3CE62D802D2034E20071521A /* Build configuration list for PBXNativeTarget "SoccerDrill" */ = {
			isa = XCConfigurationList;
			buildConfigurations = (
				3CE62D812D2034E20071521A /* Debug */,
				3CE62D822D2034E20071521A /* Release */,
			);
			defaultConfigurationIsVisible = 0;
			defaultConfigurationName = Release;
		};
		3CE62D832D2034E20071521A /* Build configuration list for PBXNativeTarget "SoccerDrillTests" */ = {
			isa = XCConfigurationList;
			buildConfigurations = (
				3CE62D842D2034E20071521A /* Debug */,
				3CE62D852D2034E20071521A /* Release */,
			);
			defaultConfigurationIsVisible = 0;
			defaultConfigurationName = Release;
		};
		3CE62D862D2034E20071521A /* Build configuration list for PBXNativeTarget "SoccerDrillUITests" */ = {
			isa = XCConfigurationList;
			buildConfigurations = (
				3CE62D872D2034E20071521A /* Debug */,
				3CE62D882D2034E20071521A /* Release */,
			);
			defaultConfigurationIsVisible = 0;
			defaultConfigurationName = Release;
		};
/* End XCConfigurationList section */
	};
	rootObject = 3CE62D542D2034E10071521A /* Project object */;
}
